
Microsoft Visual Studio Solution File, Format Version 12.00
# Visual Studio Version 17
VisualStudioVersion = 17.14.36408.4 d17.14
MinimumVisualStudioVersion = 10.0.40219.1
Project("{FAE04EC0-301F-11D3-BF4B-00C04F79EFBC}") = "Leave_ManagementAPI", "Leave_ManagementAPI\Leave_ManagementAPI.csproj", "{7737B4FD-FBA6-4463-B260-5890D5341902}"
EndProject
Project("{FAE04EC0-301F-11D3-BF4B-00C04F79EFBC}") = "UILeave_Management", "UILeave_Management\UILeave_Management.csproj", "{D7636262-C6B0-452F-9628-4311F9CD5E24}"
EndProject
Global
	GlobalSection(SolutionConfigurationPlatforms) = preSolution
		Debug|Any CPU = Debug|Any CPU
		Release|Any CPU = Release|Any CPU
	EndGlobalSection
	GlobalSection(ProjectConfigurationPlatforms) = postSolution
		{7737B4FD-FBA6-4463-B260-5890D5341902}.Debug|Any CPU.ActiveCfg = Debug|Any CPU
		{7737B4FD-FBA6-4463-B260-5890D5341902}.Debug|Any CPU.Build.0 = Debug|Any CPU
		{7737B4FD-FBA6-4463-B260-5890D5341902}.Release|Any CPU.ActiveCfg = Release|Any CPU
		{7737B4FD-FBA6-4463-B260-5890D5341902}.Release|Any CPU.Build.0 = Release|Any CPU
		{D7636262-C6B0-452F-9628-4311F9CD5E24}.Debug|Any CPU.ActiveCfg = Debug|Any CPU
		{D7636262-C6B0-452F-9628-4311F9CD5E24}.Debug|Any CPU.Build.0 = Debug|Any CPU
		{D7636262-C6B0-452F-9628-4311F9CD5E24}.Release|Any CPU.ActiveCfg = Release|Any CPU
		{D7636262-C6B0-452F-9628-4311F9CD5E24}.Release|Any CPU.Build.0 = Release|Any CPU
	EndGlobalSection
	GlobalSection(SolutionProperties) = preSolution
		HideSolutionNode = FALSE
	EndGlobalSection
	GlobalSection(ExtensibilityGlobals) = postSolution
		SolutionGuid = {CF536DF2-1E43-4A8D-95C4-202892F8B23A}
	EndGlobalSection
EndGlobal
